
Microsoft Visual Studio Solution File, Format Version 12.00
# Visual Studio Version 16
Project("{8BC9CEB8-8B4A-11D0-8D11-00A0C91BC942}") = "ALL_BUILD", "ALL_BUILD.vcxproj", "{536FB721-6AD0-32B4-ACD1-D29F296B063C}"
	ProjectSection(ProjectDependencies) = postProject
		{D6C3CAA3-14E8-36E6-9091-675A5685ABFE} = {D6C3CAA3-14E8-36E6-9091-675A5685ABFE}
		{EC68D432-2F9A-36E5-9946-E45C689F6368} = {EC68D432-2F9A-36E5-9946-E45C689F6368}
	EndProjectSection
EndProject
Project("{8BC9CEB8-8B4A-11D0-8D11-00A0C91BC942}") = "INSTALL", "INSTALL.vcxproj", "{9A2FBD65-BB2E-3EC5-9FB7-082C42EEB250}"
	ProjectSection(ProjectDependencies) = postProject
		{536FB721-6AD0-32B4-ACD1-D29F296B063C} = {536FB721-6AD0-32B4-ACD1-D29F296B063C}
		{EC68D432-2F9A-36E5-9946-E45C689F6368} = {EC68D432-2F9A-36E5-9946-E45C689F6368}
	EndProjectSection
EndProject
Project("{8BC9CEB8-8B4A-11D0-8D11-00A0C91BC942}") = "Mmotee-Server", "Mmotee-Server.vcxproj", "{D6C3CAA3-14E8-36E6-9091-675A5685ABFE}"
	ProjectSection(ProjectDependencies) = postProject
		{EC68D432-2F9A-36E5-9946-E45C689F6368} = {EC68D432-2F9A-36E5-9946-E45C689F6368}
		{FE3CF105-C20F-3C52-A50A-CF39AA3C4AA8} = {FE3CF105-C20F-3C52-A50A-CF39AA3C4AA8}
		{76DC1523-F90D-38C4-B562-95A6448B12CE} = {76DC1523-F90D-38C4-B562-95A6448B12CE}
		{706F4976-FF24-3520-AC3B-6C85E3361D2A} = {706F4976-FF24-3520-AC3B-6C85E3361D2A}
		{B824C3C4-30F2-3E7D-B60A-AEFDF62B92EB} = {B824C3C4-30F2-3E7D-B60A-AEFDF62B92EB}
		{28E40849-1FF9-32B7-AD10-0F56F037994E} = {28E40849-1FF9-32B7-AD10-0F56F037994E}
	EndProjectSection
EndProject
Project("{8BC9CEB8-8B4A-11D0-8D11-00A0C91BC942}") = "PACKAGE", "PACKAGE.vcxproj", "{77F42CC8-7719-3345-A1F9-9FEE96A775A4}"
	ProjectSection(ProjectDependencies) = postProject
		{536FB721-6AD0-32B4-ACD1-D29F296B063C} = {536FB721-6AD0-32B4-ACD1-D29F296B063C}
		{EC68D432-2F9A-36E5-9946-E45C689F6368} = {EC68D432-2F9A-36E5-9946-E45C689F6368}
	EndProjectSection
EndProject
Project("{8BC9CEB8-8B4A-11D0-8D11-00A0C91BC942}") = "ZERO_CHECK", "ZERO_CHECK.vcxproj", "{EC68D432-2F9A-36E5-9946-E45C689F6368}"
	ProjectSection(ProjectDependencies) = postProject
	EndProjectSection
EndProject
Project("{8BC9CEB8-8B4A-11D0-8D11-00A0C91BC942}") = "engine-shared", "engine-shared.vcxproj", "{FE3CF105-C20F-3C52-A50A-CF39AA3C4AA8}"
	ProjectSection(ProjectDependencies) = postProject
		{EC68D432-2F9A-36E5-9946-E45C689F6368} = {EC68D432-2F9A-36E5-9946-E45C689F6368}
	EndProjectSection
EndProject
Project("{8BC9CEB8-8B4A-11D0-8D11-00A0C91BC942}") = "everything", "everything.vcxproj", "{418C41E8-2C99-3D37-B23C-A39059561E9C}"
	ProjectSection(ProjectDependencies) = postProject
		{D6C3CAA3-14E8-36E6-9091-675A5685ABFE} = {D6C3CAA3-14E8-36E6-9091-675A5685ABFE}
		{EC68D432-2F9A-36E5-9946-E45C689F6368} = {EC68D432-2F9A-36E5-9946-E45C689F6368}
		{FE3CF105-C20F-3C52-A50A-CF39AA3C4AA8} = {FE3CF105-C20F-3C52-A50A-CF39AA3C4AA8}
		{76DC1523-F90D-38C4-B562-95A6448B12CE} = {76DC1523-F90D-38C4-B562-95A6448B12CE}
		{60962AEE-8D41-3ED9-93DE-7A0371BB39D4} = {60962AEE-8D41-3ED9-93DE-7A0371BB39D4}
	EndProjectSection
EndProject
Project("{8BC9CEB8-8B4A-11D0-8D11-00A0C91BC942}") = "game-shared", "game-shared.vcxproj", "{76DC1523-F90D-38C4-B562-95A6448B12CE}"
	ProjectSection(ProjectDependencies) = postProject
		{EC68D432-2F9A-36E5-9946-E45C689F6368} = {EC68D432-2F9A-36E5-9946-E45C689F6368}
	EndProjectSection
EndProject
Project("{8BC9CEB8-8B4A-11D0-8D11-00A0C91BC942}") = "json", "json.vcxproj", "{706F4976-FF24-3520-AC3B-6C85E3361D2A}"
	ProjectSection(ProjectDependencies) = postProject
		{EC68D432-2F9A-36E5-9946-E45C689F6368} = {EC68D432-2F9A-36E5-9946-E45C689F6368}
	EndProjectSection
EndProject
Project("{8BC9CEB8-8B4A-11D0-8D11-00A0C91BC942}") = "mastersrv", "mastersrv.vcxproj", "{60962AEE-8D41-3ED9-93DE-7A0371BB39D4}"
	ProjectSection(ProjectDependencies) = postProject
		{EC68D432-2F9A-36E5-9946-E45C689F6368} = {EC68D432-2F9A-36E5-9946-E45C689F6368}
		{FE3CF105-C20F-3C52-A50A-CF39AA3C4AA8} = {FE3CF105-C20F-3C52-A50A-CF39AA3C4AA8}
		{706F4976-FF24-3520-AC3B-6C85E3361D2A} = {706F4976-FF24-3520-AC3B-6C85E3361D2A}
		{B824C3C4-30F2-3E7D-B60A-AEFDF62B92EB} = {B824C3C4-30F2-3E7D-B60A-AEFDF62B92EB}
		{28E40849-1FF9-32B7-AD10-0F56F037994E} = {28E40849-1FF9-32B7-AD10-0F56F037994E}
	EndProjectSection
EndProject
Project("{8BC9CEB8-8B4A-11D0-8D11-00A0C91BC942}") = "md5", "md5.vcxproj", "{B824C3C4-30F2-3E7D-B60A-AEFDF62B92EB}"
	ProjectSection(ProjectDependencies) = postProject
		{EC68D432-2F9A-36E5-9946-E45C689F6368} = {EC68D432-2F9A-36E5-9946-E45C689F6368}
	EndProjectSection
EndProject
Project("{8BC9CEB8-8B4A-11D0-8D11-00A0C91BC942}") = "package_all", "package_all.vcxproj", "{7FED4D80-DEDC-385C-BF6B-310014A46836}"
	ProjectSection(ProjectDependencies) = postProject
		{EC68D432-2F9A-36E5-9946-E45C689F6368} = {EC68D432-2F9A-36E5-9946-E45C689F6368}
		{B73FC7EB-0A8F-3DA5-891F-2114E9E1FA61} = {B73FC7EB-0A8F-3DA5-891F-2114E9E1FA61}
		{3A7CF01E-A20B-3CFC-9053-A02AE618322B} = {3A7CF01E-A20B-3CFC-9053-A02AE618322B}
		{8832E5FA-0D86-3738-9DF6-6444431ED5B3} = {8832E5FA-0D86-3738-9DF6-6444431ED5B3}
	EndProjectSection
EndProject
Project("{8BC9CEB8-8B4A-11D0-8D11-00A0C91BC942}") = "package_default", "package_default.vcxproj", "{9BD13A45-7AFF-36BC-8F08-BA24FEE5189E}"
	ProjectSection(ProjectDependencies) = postProject
		{EC68D432-2F9A-36E5-9946-E45C689F6368} = {EC68D432-2F9A-36E5-9946-E45C689F6368}
		{8832E5FA-0D86-3738-9DF6-6444431ED5B3} = {8832E5FA-0D86-3738-9DF6-6444431ED5B3}
	EndProjectSection
EndProject
Project("{8BC9CEB8-8B4A-11D0-8D11-00A0C91BC942}") = "package_tar_gz", "package_tar_gz.vcxproj", "{B73FC7EB-0A8F-3DA5-891F-2114E9E1FA61}"
	ProjectSection(ProjectDependencies) = postProject
		{D6C3CAA3-14E8-36E6-9091-675A5685ABFE} = {D6C3CAA3-14E8-36E6-9091-675A5685ABFE}
		{EC68D432-2F9A-36E5-9946-E45C689F6368} = {EC68D432-2F9A-36E5-9946-E45C689F6368}
	EndProjectSection
EndProject
Project("{8BC9CEB8-8B4A-11D0-8D11-00A0C91BC942}") = "package_tar_xz", "package_tar_xz.vcxproj", "{3A7CF01E-A20B-3CFC-9053-A02AE618322B}"
	ProjectSection(ProjectDependencies) = postProject
		{D6C3CAA3-14E8-36E6-9091-675A5685ABFE} = {D6C3CAA3-14E8-36E6-9091-675A5685ABFE}
		{EC68D432-2F9A-36E5-9946-E45C689F6368} = {EC68D432-2F9A-36E5-9946-E45C689F6368}
	EndProjectSection
EndProject
Project("{8BC9CEB8-8B4A-11D0-8D11-00A0C91BC942}") = "package_zip", "package_zip.vcxproj", "{8832E5FA-0D86-3738-9DF6-6444431ED5B3}"
	ProjectSection(ProjectDependencies) = postProject
		{D6C3CAA3-14E8-36E6-9091-675A5685ABFE} = {D6C3CAA3-14E8-36E6-9091-675A5685ABFE}
		{EC68D432-2F9A-36E5-9946-E45C689F6368} = {EC68D432-2F9A-36E5-9946-E45C689F6368}
	EndProjectSection
EndProject
Project("{8BC9CEB8-8B4A-11D0-8D11-00A0C91BC942}") = "zlib", "zlib.vcxproj", "{28E40849-1FF9-32B7-AD10-0F56F037994E}"
	ProjectSection(ProjectDependencies) = postProject
		{EC68D432-2F9A-36E5-9946-E45C689F6368} = {EC68D432-2F9A-36E5-9946-E45C689F6368}
	EndProjectSection
EndProject
Global
	GlobalSection(SolutionConfigurationPlatforms) = preSolution
		Debug|x64 = Debug|x64
		Release|x64 = Release|x64
		MinSizeRel|x64 = MinSizeRel|x64
		RelWithDebInfo|x64 = RelWithDebInfo|x64
	EndGlobalSection
	GlobalSection(ProjectConfigurationPlatforms) = postSolution
		{536FB721-6AD0-32B4-ACD1-D29F296B063C}.Debug|x64.ActiveCfg = Debug|x64
		{536FB721-6AD0-32B4-ACD1-D29F296B063C}.Debug|x64.Build.0 = Debug|x64
		{536FB721-6AD0-32B4-ACD1-D29F296B063C}.Release|x64.ActiveCfg = Release|x64
		{536FB721-6AD0-32B4-ACD1-D29F296B063C}.Release|x64.Build.0 = Release|x64
		{536FB721-6AD0-32B4-ACD1-D29F296B063C}.MinSizeRel|x64.ActiveCfg = MinSizeRel|x64
		{536FB721-6AD0-32B4-ACD1-D29F296B063C}.MinSizeRel|x64.Build.0 = MinSizeRel|x64
		{536FB721-6AD0-32B4-ACD1-D29F296B063C}.RelWithDebInfo|x64.ActiveCfg = RelWithDebInfo|x64
		{536FB721-6AD0-32B4-ACD1-D29F296B063C}.RelWithDebInfo|x64.Build.0 = RelWithDebInfo|x64
		{9A2FBD65-BB2E-3EC5-9FB7-082C42EEB250}.Debug|x64.ActiveCfg = Debug|x64
		{9A2FBD65-BB2E-3EC5-9FB7-082C42EEB250}.Release|x64.ActiveCfg = Release|x64
		{9A2FBD65-BB2E-3EC5-9FB7-082C42EEB250}.MinSizeRel|x64.ActiveCfg = MinSizeRel|x64
		{9A2FBD65-BB2E-3EC5-9FB7-082C42EEB250}.RelWithDebInfo|x64.ActiveCfg = RelWithDebInfo|x64
		{D6C3CAA3-14E8-36E6-9091-675A5685ABFE}.Debug|x64.ActiveCfg = Debug|x64
		{D6C3CAA3-14E8-36E6-9091-675A5685ABFE}.Debug|x64.Build.0 = Debug|x64
		{D6C3CAA3-14E8-36E6-9091-675A5685ABFE}.Release|x64.ActiveCfg = Release|x64
		{D6C3CAA3-14E8-36E6-9091-675A5685ABFE}.Release|x64.Build.0 = Release|x64
		{D6C3CAA3-14E8-36E6-9091-675A5685ABFE}.MinSizeRel|x64.ActiveCfg = MinSizeRel|x64
		{D6C3CAA3-14E8-36E6-9091-675A5685ABFE}.MinSizeRel|x64.Build.0 = MinSizeRel|x64
		{D6C3CAA3-14E8-36E6-9091-675A5685ABFE}.RelWithDebInfo|x64.ActiveCfg = RelWithDebInfo|x64
		{D6C3CAA3-14E8-36E6-9091-675A5685ABFE}.RelWithDebInfo|x64.Build.0 = RelWithDebInfo|x64
		{77F42CC8-7719-3345-A1F9-9FEE96A775A4}.Debug|x64.ActiveCfg = Debug|x64
		{77F42CC8-7719-3345-A1F9-9FEE96A775A4}.Release|x64.ActiveCfg = Release|x64
		{77F42CC8-7719-3345-A1F9-9FEE96A775A4}.MinSizeRel|x64.ActiveCfg = MinSizeRel|x64
		{77F42CC8-7719-3345-A1F9-9FEE96A775A4}.RelWithDebInfo|x64.ActiveCfg = RelWithDebInfo|x64
		{EC68D432-2F9A-36E5-9946-E45C689F6368}.Debug|x64.ActiveCfg = Debug|x64
		{EC68D432-2F9A-36E5-9946-E45C689F6368}.Debug|x64.Build.0 = Debug|x64
		{EC68D432-2F9A-36E5-9946-E45C689F6368}.Release|x64.ActiveCfg = Release|x64
		{EC68D432-2F9A-36E5-9946-E45C689F6368}.Release|x64.Build.0 = Release|x64
		{EC68D432-2F9A-36E5-9946-E45C689F6368}.MinSizeRel|x64.ActiveCfg = MinSizeRel|x64
		{EC68D432-2F9A-36E5-9946-E45C689F6368}.MinSizeRel|x64.Build.0 = MinSizeRel|x64
		{EC68D432-2F9A-36E5-9946-E45C689F6368}.RelWithDebInfo|x64.ActiveCfg = RelWithDebInfo|x64
		{EC68D432-2F9A-36E5-9946-E45C689F6368}.RelWithDebInfo|x64.Build.0 = RelWithDebInfo|x64
		{FE3CF105-C20F-3C52-A50A-CF39AA3C4AA8}.Debug|x64.ActiveCfg = Debug|x64
		{FE3CF105-C20F-3C52-A50A-CF39AA3C4AA8}.Debug|x64.Build.0 = Debug|x64
		{FE3CF105-C20F-3C52-A50A-CF39AA3C4AA8}.Release|x64.ActiveCfg = Release|x64
		{FE3CF105-C20F-3C52-A50A-CF39AA3C4AA8}.Release|x64.Build.0 = Release|x64
		{FE3CF105-C20F-3C52-A50A-CF39AA3C4AA8}.MinSizeRel|x64.ActiveCfg = MinSizeRel|x64
		{FE3CF105-C20F-3C52-A50A-CF39AA3C4AA8}.MinSizeRel|x64.Build.0 = MinSizeRel|x64
		{FE3CF105-C20F-3C52-A50A-CF39AA3C4AA8}.RelWithDebInfo|x64.ActiveCfg = RelWithDebInfo|x64
		{FE3CF105-C20F-3C52-A50A-CF39AA3C4AA8}.RelWithDebInfo|x64.Build.0 = RelWithDebInfo|x64
		{418C41E8-2C99-3D37-B23C-A39059561E9C}.Debug|x64.ActiveCfg = Debug|x64
		{418C41E8-2C99-3D37-B23C-A39059561E9C}.Release|x64.ActiveCfg = Release|x64
		{418C41E8-2C99-3D37-B23C-A39059561E9C}.MinSizeRel|x64.ActiveCfg = MinSizeRel|x64
		{418C41E8-2C99-3D37-B23C-A39059561E9C}.RelWithDebInfo|x64.ActiveCfg = RelWithDebInfo|x64
		{76DC1523-F90D-38C4-B562-95A6448B12CE}.Debug|x64.ActiveCfg = Debug|x64
		{76DC1523-F90D-38C4-B562-95A6448B12CE}.Debug|x64.Build.0 = Debug|x64
		{76DC1523-F90D-38C4-B562-95A6448B12CE}.Release|x64.ActiveCfg = Release|x64
		{76DC1523-F90D-38C4-B562-95A6448B12CE}.Release|x64.Build.0 = Release|x64
		{76DC1523-F90D-38C4-B562-95A6448B12CE}.MinSizeRel|x64.ActiveCfg = MinSizeRel|x64
		{76DC1523-F90D-38C4-B562-95A6448B12CE}.MinSizeRel|x64.Build.0 = MinSizeRel|x64
		{76DC1523-F90D-38C4-B562-95A6448B12CE}.RelWithDebInfo|x64.ActiveCfg = RelWithDebInfo|x64
		{76DC1523-F90D-38C4-B562-95A6448B12CE}.RelWithDebInfo|x64.Build.0 = RelWithDebInfo|x64
		{706F4976-FF24-3520-AC3B-6C85E3361D2A}.Debug|x64.ActiveCfg = Debug|x64
		{706F4976-FF24-3520-AC3B-6C85E3361D2A}.Debug|x64.Build.0 = Debug|x64
		{706F4976-FF24-3520-AC3B-6C85E3361D2A}.Release|x64.ActiveCfg = Release|x64
		{706F4976-FF24-3520-AC3B-6C85E3361D2A}.Release|x64.Build.0 = Release|x64
		{706F4976-FF24-3520-AC3B-6C85E3361D2A}.MinSizeRel|x64.ActiveCfg = MinSizeRel|x64
		{706F4976-FF24-3520-AC3B-6C85E3361D2A}.MinSizeRel|x64.Build.0 = MinSizeRel|x64
		{706F4976-FF24-3520-AC3B-6C85E3361D2A}.RelWithDebInfo|x64.ActiveCfg = RelWithDebInfo|x64
		{706F4976-FF24-3520-AC3B-6C85E3361D2A}.RelWithDebInfo|x64.Build.0 = RelWithDebInfo|x64
		{60962AEE-8D41-3ED9-93DE-7A0371BB39D4}.Debug|x64.ActiveCfg = Debug|x64
		{60962AEE-8D41-3ED9-93DE-7A0371BB39D4}.Debug|x64.Build.0 = Debug|x64
		{60962AEE-8D41-3ED9-93DE-7A0371BB39D4}.Release|x64.ActiveCfg = Release|x64
		{60962AEE-8D41-3ED9-93DE-7A0371BB39D4}.Release|x64.Build.0 = Release|x64
		{60962AEE-8D41-3ED9-93DE-7A0371BB39D4}.MinSizeRel|x64.ActiveCfg = MinSizeRel|x64
		{60962AEE-8D41-3ED9-93DE-7A0371BB39D4}.MinSizeRel|x64.Build.0 = MinSizeRel|x64
		{60962AEE-8D41-3ED9-93DE-7A0371BB39D4}.RelWithDebInfo|x64.ActiveCfg = RelWithDebInfo|x64
		{60962AEE-8D41-3ED9-93DE-7A0371BB39D4}.RelWithDebInfo|x64.Build.0 = RelWithDebInfo|x64
		{B824C3C4-30F2-3E7D-B60A-AEFDF62B92EB}.Debug|x64.ActiveCfg = Debug|x64
		{B824C3C4-30F2-3E7D-B60A-AEFDF62B92EB}.Debug|x64.Build.0 = Debug|x64
		{B824C3C4-30F2-3E7D-B60A-AEFDF62B92EB}.Release|x64.ActiveCfg = Release|x64
		{B824C3C4-30F2-3E7D-B60A-AEFDF62B92EB}.Release|x64.Build.0 = Release|x64
		{B824C3C4-30F2-3E7D-B60A-AEFDF62B92EB}.MinSizeRel|x64.ActiveCfg = MinSizeRel|x64
		{B824C3C4-30F2-3E7D-B60A-AEFDF62B92EB}.MinSizeRel|x64.Build.0 = MinSizeRel|x64
		{B824C3C4-30F2-3E7D-B60A-AEFDF62B92EB}.RelWithDebInfo|x64.ActiveCfg = RelWithDebInfo|x64
		{B824C3C4-30F2-3E7D-B60A-AEFDF62B92EB}.RelWithDebInfo|x64.Build.0 = RelWithDebInfo|x64
		{7FED4D80-DEDC-385C-BF6B-310014A46836}.Debug|x64.ActiveCfg = Debug|x64
		{7FED4D80-DEDC-385C-BF6B-310014A46836}.Release|x64.ActiveCfg = Release|x64
		{7FED4D80-DEDC-385C-BF6B-310014A46836}.MinSizeRel|x64.ActiveCfg = MinSizeRel|x64
		{7FED4D80-DEDC-385C-BF6B-310014A46836}.RelWithDebInfo|x64.ActiveCfg = RelWithDebInfo|x64
		{9BD13A45-7AFF-36BC-8F08-BA24FEE5189E}.Debug|x64.ActiveCfg = Debug|x64
		{9BD13A45-7AFF-36BC-8F08-BA24FEE5189E}.Release|x64.ActiveCfg = Release|x64
		{9BD13A45-7AFF-36BC-8F08-BA24FEE5189E}.MinSizeRel|x64.ActiveCfg = MinSizeRel|x64
		{9BD13A45-7AFF-36BC-8F08-BA24FEE5189E}.RelWithDebInfo|x64.ActiveCfg = RelWithDebInfo|x64
		{B73FC7EB-0A8F-3DA5-891F-2114E9E1FA61}.Debug|x64.ActiveCfg = Debug|x64
		{B73FC7EB-0A8F-3DA5-891F-2114E9E1FA61}.Debug|x64.Build.0 = Debug|x64
		{B73FC7EB-0A8F-3DA5-891F-2114E9E1FA61}.Release|x64.ActiveCfg = Release|x64
		{B73FC7EB-0A8F-3DA5-891F-2114E9E1FA61}.Release|x64.Build.0 = Release|x64
		{B73FC7EB-0A8F-3DA5-891F-2114E9E1FA61}.MinSizeRel|x64.ActiveCfg = MinSizeRel|x64
		{B73FC7EB-0A8F-3DA5-891F-2114E9E1FA61}.MinSizeRel|x64.Build.0 = MinSizeRel|x64
		{B73FC7EB-0A8F-3DA5-891F-2114E9E1FA61}.RelWithDebInfo|x64.ActiveCfg = RelWithDebInfo|x64
		{B73FC7EB-0A8F-3DA5-891F-2114E9E1FA61}.RelWithDebInfo|x64.Build.0 = RelWithDebInfo|x64
		{3A7CF01E-A20B-3CFC-9053-A02AE618322B}.Debug|x64.ActiveCfg = Debug|x64
		{3A7CF01E-A20B-3CFC-9053-A02AE618322B}.Debug|x64.Build.0 = Debug|x64
		{3A7CF01E-A20B-3CFC-9053-A02AE618322B}.Release|x64.ActiveCfg = Release|x64
		{3A7CF01E-A20B-3CFC-9053-A02AE618322B}.Release|x64.Build.0 = Release|x64
		{3A7CF01E-A20B-3CFC-9053-A02AE618322B}.MinSizeRel|x64.ActiveCfg = MinSizeRel|x64
		{3A7CF01E-A20B-3CFC-9053-A02AE618322B}.MinSizeRel|x64.Build.0 = MinSizeRel|x64
		{3A7CF01E-A20B-3CFC-9053-A02AE618322B}.RelWithDebInfo|x64.ActiveCfg = RelWithDebInfo|x64
		{3A7CF01E-A20B-3CFC-9053-A02AE618322B}.RelWithDebInfo|x64.Build.0 = RelWithDebInfo|x64
		{8832E5FA-0D86-3738-9DF6-6444431ED5B3}.Debug|x64.ActiveCfg = Debug|x64
		{8832E5FA-0D86-3738-9DF6-6444431ED5B3}.Debug|x64.Build.0 = Debug|x64
		{8832E5FA-0D86-3738-9DF6-6444431ED5B3}.Release|x64.ActiveCfg = Release|x64
		{8832E5FA-0D86-3738-9DF6-6444431ED5B3}.Release|x64.Build.0 = Release|x64
		{8832E5FA-0D86-3738-9DF6-6444431ED5B3}.MinSizeRel|x64.ActiveCfg = MinSizeRel|x64
		{8832E5FA-0D86-3738-9DF6-6444431ED5B3}.MinSizeRel|x64.Build.0 = MinSizeRel|x64
		{8832E5FA-0D86-3738-9DF6-6444431ED5B3}.RelWithDebInfo|x64.ActiveCfg = RelWithDebInfo|x64
		{8832E5FA-0D86-3738-9DF6-6444431ED5B3}.RelWithDebInfo|x64.Build.0 = RelWithDebInfo|x64
		{28E40849-1FF9-32B7-AD10-0F56F037994E}.Debug|x64.ActiveCfg = Debug|x64
		{28E40849-1FF9-32B7-AD10-0F56F037994E}.Debug|x64.Build.0 = Debug|x64
		{28E40849-1FF9-32B7-AD10-0F56F037994E}.Release|x64.ActiveCfg = Release|x64
		{28E40849-1FF9-32B7-AD10-0F56F037994E}.Release|x64.Build.0 = Release|x64
		{28E40849-1FF9-32B7-AD10-0F56F037994E}.MinSizeRel|x64.ActiveCfg = MinSizeRel|x64
		{28E40849-1FF9-32B7-AD10-0F56F037994E}.MinSizeRel|x64.Build.0 = MinSizeRel|x64
		{28E40849-1FF9-32B7-AD10-0F56F037994E}.RelWithDebInfo|x64.ActiveCfg = RelWithDebInfo|x64
		{28E40849-1FF9-32B7-AD10-0F56F037994E}.RelWithDebInfo|x64.Build.0 = RelWithDebInfo|x64
	EndGlobalSection
	GlobalSection(ExtensibilityGlobals) = postSolution
		SolutionGuid = {AD9F121D-BF7A-36CA-A10A-F41C8E37BF3B}
	EndGlobalSection
	GlobalSection(ExtensibilityAddIns) = postSolution
	EndGlobalSection
EndGlobal
